Microsoft Visual Studio Solution File, Format Version 11.00
# Visual Studio 2008

Project("{B3A7A046-FAB5-D532-26E3-B3033C4CFEB4}") = "Tyrano Scratch", "Assembly-CSharp.csproj", "{B4F96913-81B5-527A-E2FF-AB5B19D8B584}"
EndProject
Global
	GlobalSection(SolutionConfigurationPlatforms) = preSolution
		Debug|Any CPU = Debug|Any CPU
		Release|Any CPU = Release|Any CPU
	EndGlobalSection
	GlobalSection(ProjectConfigurationPlatforms) = postSolution
		{B4F96913-81B5-527A-E2FF-AB5B19D8B584}.Debug|Any CPU.ActiveCfg = Debug|Any CPU
		{B4F96913-81B5-527A-E2FF-AB5B19D8B584}.Debug|Any CPU.Build.0 = Debug|Any CPU
		{B4F96913-81B5-527A-E2FF-AB5B19D8B584}.Release|Any CPU.ActiveCfg = Release|Any CPU
		{B4F96913-81B5-527A-E2FF-AB5B19D8B584}.Release|Any CPU.Build.0 = Release|Any CPU
	EndGlobalSection
	GlobalSection(SolutionProperties) = preSolution
		HideSolutionNode = FALSE
	EndGlobalSection
	GlobalSection(MonoDevelopProperties) = preSolution
		StartupItem = Assembly-CSharp.csproj
	EndGlobalSection
EndGlobal
