Microsoft Visual Studio Solution File, Format Version 11.00
# Visual Studio 2008

Project("{38328DF1-9AD0-8B25-7E09-003C46F18F1E}") = "TyranoProjectADBO-master", "Assembly-CSharp.csproj", "{D4B8AB37-4302-2B30-FE5A-252154D4186E}"
EndProject
Global
	GlobalSection(SolutionConfigurationPlatforms) = preSolution
		Debug|Any CPU = Debug|Any CPU
		Release|Any CPU = Release|Any CPU
	EndGlobalSection
	GlobalSection(ProjectConfigurationPlatforms) = postSolution
		{D4B8AB37-4302-2B30-FE5A-252154D4186E}.Debug|Any CPU.ActiveCfg = Debug|Any CPU
		{D4B8AB37-4302-2B30-FE5A-252154D4186E}.Debug|Any CPU.Build.0 = Debug|Any CPU
		{D4B8AB37-4302-2B30-FE5A-252154D4186E}.Release|Any CPU.ActiveCfg = Release|Any CPU
		{D4B8AB37-4302-2B30-FE5A-252154D4186E}.Release|Any CPU.Build.0 = Release|Any CPU
	EndGlobalSection
	GlobalSection(SolutionProperties) = preSolution
		HideSolutionNode = FALSE
	EndGlobalSection
	GlobalSection(MonoDevelopProperties) = preSolution
		StartupItem = Assembly-CSharp.csproj
	EndGlobalSection
EndGlobal
